// !$*UTF8*$!
{
	archiveVersion = 1;
	classes = {
	};
	objectVersion = 77;
	objects = {

/* Begin PBXBuildFile section */
		5A3061132D99B25400E3E922 /* README.md in Resources */ = {isa = PBXBuildFile; fileRef = 5A3061112D99B24B00E3E922 /* README.md */; };
/* End PBXBuildFile section */

/* Begin PBXContainerItemProxy section */
		5A3060E62D985D4F00E3E922 /* PBXContainerItemProxy */ = {
			isa = PBXContainerItemProxy;
			containerPortal = 5A3060CD2D985D4E00E3E922 /* Project object */;
			proxyType = 1;
			remoteGlobalIDString = 5A3060D42D985D4E00E3E922;
			remoteInfo = ListyWisty;
		};
		5A3060F02D985D4F00E3E922 /* PBXContainerItemProxy */ = {
			isa = PBXContainerItemProxy;
			containerPortal = 5A3060CD2D985D4E00E3E922 /* Project object */;
			proxyType = 1;
			remoteGlobalIDString = 5A3060D42D985D4E00E3E922;
			remoteInfo = ListyWisty;
		};
/* End PBXContainerItemProxy section */

/* Begin PBXFileReference section */
		5A3060D52D985D4E00E3E922 /* ListyWisty.app */ = {isa = PBXFileReference; explicitFileType = wrapper.application; includeInIndex = 0; path = ListyWisty.app; sourceTree = BUILT_PRODUCTS_DIR; };
		5A3060E52D985D4F00E3E922 /* ListyWistyTests.xctest */ = {isa = PBXFileReference; explicitFileType = wrapper.cfbundle; includeInIndex = 0; path = ListyWistyTests.xctest; sourceTree = BUILT_PRODUCTS_DIR; };
		5A3060EF2D985D4F00E3E922 /* ListyWistyUITests.xctest */ = {isa = PBXFileReference; explicitFileType = wrapper.cfbundle; includeInIndex = 0; path = ListyWistyUITests.xctest; sourceTree = BUILT_PRODUCTS_DIR; };
		5A3061112D99B24B00E3E922 /* README.md */ = {isa = PBXFileReference; lastKnownFileType = net.daringfireball.markdown; path = README.md; sourceTree = "<group>"; };
/* End PBXFileReference section */

/* Begin PBXFileSystemSynchronizedRootGroup section */
		5A3060D72D985D4E00E3E922 /* ListyWisty */ = {
			isa = PBXFileSystemSynchronizedRootGroup;
			path = ListyWisty;
			sourceTree = "<group>";
		};
		5A3060E82D985D4F00E3E922 /* ListyWistyTests */ = {
			isa = PBXFileSystemSynchronizedRootGroup;
			path = ListyWistyTests;
			sourceTree = "<group>";
		};
		5A3060F22D985D4F00E3E922 /* ListyWistyUITests */ = {
			isa = PBXFileSystemSynchronizedRootGroup;
			path = ListyWistyUITests;
			sourceTree = "<group>";
		};
/* End PBXFileSystemSynchronizedRootGroup section */

/* Begin PBXFrameworksBuildPhase section */
		5A3060D22D985D4E00E3E922 /* Frameworks */ = {
			isa = PBXFrameworksBuildPhase;
			buildActionMask = 2147483647;
			files = (
			);
			runOnlyForDeploymentPostprocessing = 0;
		};
		5A3060E22D985D4F00E3E922 /* Frameworks */ = {
			isa = PBXFrameworksBuildPhase;
			buildActionMask = 2147483647;
			files = (
			);
			runOnlyForDeploymentPostprocessing = 0;
		};
		5A3060EC2D985D4F00E3E922 /* Frameworks */ = {
			isa = PBXFrameworksBuildPhase;
			buildActionMask = 2147483647;
			files = (
			);
			runOnlyForDeploymentPostprocessing = 0;
		};
/* End PBXFrameworksBuildPhase section */

/* Begin PBXGroup section */
		5A3060CC2D985D4E00E3E922 = {
			isa = PBXGroup;
			children = (
				5A3060D72D985D4E00E3E922 /* ListyWisty */,
				5A3060E82D985D4F00E3E922 /* ListyWistyTests */,
				5A3060F22D985D4F00E3E922 /* ListyWistyUITests */,
				5A3061112D99B24B00E3E922 /* README.md */,
				5A3060D62D985D4E00E3E922 /* Products */,
			);
			sourceTree = "<group>";
		};
		5A3060D62D985D4E00E3E922 /* Products */ = {
			isa = PBXGroup;
			children = (
				5A3060D52D985D4E00E3E922 /* ListyWisty.app */,
				5A3060E52D985D4F00E3E922 /* ListyWistyTests.xctest */,
				5A3060EF2D985D4F00E3E922 /* ListyWistyUITests.xctest */,
			);
			name = Products;
			sourceTree = "<group>";
		};
/* End PBXGroup section */

/* Begin PBXNativeTarget section */
		5A3060D42D985D4E00E3E922 /* ListyWisty */ = {
			isa = PBXNativeTarget;
			buildConfigurationList = 5A3060F92D985D4F00E3E922 /* Build configuration list for PBXNativeTarget "ListyWisty" */;
			buildPhases = (
				5A3060D12D985D4E00E3E922 /* Sources */,
				5A3060D22D985D4E00E3E922 /* Frameworks */,
				5A3060D32D985D4E00E3E922 /* Resources */,
			);
			buildRules = (
			);
			dependencies = (
			);
			fileSystemSynchronizedGroups = (
				5A3060D72D985D4E00E3E922 /* ListyWisty */,
			);
			name = ListyWisty;
			packageProductDependencies = (
			);
			productName = ListyWisty;
			productReference = 5A3060D52D985D4E00E3E922 /* ListyWisty.app */;
			productType = "com.apple.product-type.application";
		};
		5A3060E42D985D4F00E3E922 /* ListyWistyTests */ = {
			isa = PBXNativeTarget;
			buildConfigurationList = 5A3060FC2D985D4F00E3E922 /* Build configuration list for PBXNativeTarget "ListyWistyTests" */;
			buildPhases = (
				5A3060E12D985D4F00E3E922 /* Sources */,
				5A3060E22D985D4F00E3E922 /* Frameworks */,
				5A3060E32D985D4F00E3E922 /* Resources */,
			);
			buildRules = (
			);
			dependencies = (
				5A3060E72D985D4F00E3E922 /* PBXTargetDependency */,
			);
			fileSystemSynchronizedGroups = (
				5A3060E82D985D4F00E3E922 /* ListyWistyTests */,
			);
			name = ListyWistyTests;
			packageProductDependencies = (
			);
			productName = ListyWistyTests;
			productReference = 5A3060E52D985D4F00E3E922 /* ListyWistyTests.xctest */;
			productType = "com.apple.product-type.bundle.unit-test";
		};
		5A3060EE2D985D4F00E3E922 /* ListyWistyUITests */ = {
			isa = PBXNativeTarget;
			buildConfigurationList = 5A3060FF2D985D4F00E3E922 /* Build configuration list for PBXNativeTarget "ListyWistyUITests" */;
			buildPhases = (
				5A3060EB2D985D4F00E3E922 /* Sources */,
				5A3060EC2D985D4F00E3E922 /* Frameworks */,
				5A3060ED2D985D4F00E3E922 /* Resources */,
			);
			buildRules = (
			);
			dependencies = (
				5A3060F12D985D4F00E3E922 /* PBXTargetDependency */,
			);
			fileSystemSynchronizedGroups = (
				5A3060F22D985D4F00E3E922 /* ListyWistyUITests */,
			);
			name = ListyWistyUITests;
			packageProductDependencies = (
			);
			productName = ListyWistyUITests;
			productReference = 5A3060EF2D985D4F00E3E922 /* ListyWistyUITests.xctest */;
			productType = "com.apple.product-type.bundle.ui-testing";
		};
/* End PBXNativeTarget section */

/* Begin PBXProject section */
		5A3060CD2D985D4E00E3E922 /* Project object */ = {
			isa = PBXProject;
			attributes = {
				BuildIndependentTargetsInParallel = 1;
				LastSwiftUpdateCheck = 1620;
				LastUpgradeCheck = 1620;
				TargetAttributes = {
					5A3060D42D985D4E00E3E922 = {
						CreatedOnToolsVersion = 16.2;
					};
					5A3060E42D985D4F00E3E922 = {
						CreatedOnToolsVersion = 16.2;
						TestTargetID = 5A3060D42D985D4E00E3E922;
					};
					5A3060EE2D985D4F00E3E922 = {
						CreatedOnToolsVersion = 16.2;
						TestTargetID = 5A3060D42D985D4E00E3E922;
					};
				};
			};
			buildConfigurationList = 5A3060D02D985D4E00E3E922 /* Build configuration list for PBXProject "ListyWisty" */;
			developmentRegion = en;
			hasScannedForEncodings = 0;
			knownRegions = (
				en,
				Base,
			);
			mainGroup = 5A3060CC2D985D4E00E3E922;
			minimizedProjectReferenceProxies = 1;
			preferredProjectObjectVersion = 77;
			productRefGroup = 5A3060D62D985D4E00E3E922 /* Products */;
			projectDirPath = "";
			projectRoot = "";
			targets = (
				5A3060D42D985D4E00E3E922 /* ListyWisty */,
				5A3060E42D985D4F00E3E922 /* ListyWistyTests */,
				5A3060EE2D985D4F00E3E922 /* ListyWistyUITests */,
			);
		};
/* End PBXProject section */

/* Begin PBXResourcesBuildPhase section */
		5A3060D32D985D4E00E3E922 /* Resources */ = {
			isa = PBXResourcesBuildPhase;
			buildActionMask = 2147483647;
			files = (
				5A3061132D99B25400E3E922 /* README.md in Resources */,
			);
			runOnlyForDeploymentPostprocessing = 0;
		};
		5A3060E32D985D4F00E3E922 /* Resources */ = {
			isa = PBXResourcesBuildPhase;
			buildActionMask = 2147483647;
			files = (
			);
			runOnlyForDeploymentPostprocessing = 0;
		};
		5A3060ED2D985D4F00E3E922 /* Resources */ = {
			isa = PBXResourcesBuildPhase;
			buildActionMask = 2147483647;
			files = (
			);
			runOnlyForDeploymentPostprocessing = 0;
		};
/* End PBXResourcesBuildPhase section */

/* Begin PBXSourcesBuildPhase section */
		5A3060D12D985D4E00E3E922 /* Sources */ = {
			isa = PBXSourcesBuildPhase;
			buildActionMask = 2147483647;
			files = (
			);
			runOnlyForDeploymentPostprocessing = 0;
		};
		5A3060E12D985D4F00E3E922 /* Sources */ = {
			isa = PBXSourcesBuildPhase;
			buildActionMask = 2147483647;
			files = (
			);
			runOnlyForDeploymentPostprocessing = 0;
		};
		5A3060EB2D985D4F00E3E922 /* Sources */ = {
			isa = PBXSourcesBuildPhase;
			buildActionMask = 2147483647;
			files = (
			);
			runOnlyForDeploymentPostprocessing = 0;
		};
/* End PBXSourcesBuildPhase section */

/* Begin PBXTargetDependency section */
		5A3060E72D985D4F00E3E922 /* PBXTargetDependency */ = {
			isa = PBXTargetDependency;
			target = 5A3060D42D985D4E00E3E922 /* ListyWisty */;
			targetProxy = 5A3060E62D985D4F00E3E922 /* PBXContainerItemProxy */;
		};
		5A3060F12D985D4F00E3E922 /* PBXTargetDependency */ = {
			isa = PBXTargetDependency;
			target = 5A3060D42D985D4E00E3E922 /* ListyWisty */;
			targetProxy = 5A3060F02D985D4F00E3E922 /* PBXContainerItemProxy */;
		};
/* End PBXTargetDependency section */

/* Begin XCBuildConfiguration section */
		5A3060F72D985D4F00E3E922 /* Debug */ = {
			isa = XCBuildConfiguration;
			buildSettings = {
				ALWAYS_SEARCH_USER_PATHS = NO;
				ASSETCATALOG_COMPILER_GENERATE_SWIFT_ASSET_SYMBOL_EXTENSIONS = YES;
				CLANG_ANALYZER_NONNULL = YES;
				CLANG_ANALYZER_NUMBER_OBJECT_CONVERSION = YES_AGGRESSIVE;
				CLANG_CXX_LANGUAGE_STANDARD = "gnu++20";
				CLANG_ENABLE_MODULES = YES;
				CLANG_ENABLE_OBJC_ARC = YES;
				CLANG_ENABLE_OBJC_WEAK = YES;
				CLANG_WARN_BLOCK_CAPTURE_AUTORELEASING = YES;
				CLANG_WARN_BOOL_CONVERSION = YES;
				CLANG_WARN_COMMA = YES;
				CLANG_WARN_CONSTANT_CONVERSION = YES;
				CLANG_WARN_DEPRECATED_OBJC_IMPLEMENTATIONS = YES;
				CLANG_WARN_DIRECT_OBJC_ISA_USAGE = YES_ERROR;
				CLANG_WARN_DOCUMENTATION_COMMENTS = YES;
				CLANG_WARN_EMPTY_BODY = YES;
				CLANG_WARN_ENUM_CONVERSION = YES;
				CLANG_WARN_INFINITE_RECURSION = YES;
				CLANG_WARN_INT_CONVERSION = YES;
				CLANG_WARN_NON_LITERAL_NULL_CONVERSION = YES;
				CLANG_WARN_OBJC_IMPLICIT_RETAIN_SELF = YES;
				CLANG_WARN_OBJC_LITERAL_CONVERSION = YES;
				CLANG_WARN_OBJC_ROOT_CLASS = YES_ERROR;
				CLANG_WARN_QUOTED_INCLUDE_IN_FRAMEWORK_HEADER = YES;
				CLANG_WARN_RANGE_LOOP_ANALYSIS = YES;
				CLANG_WARN_STRICT_PROTOTYPES = YES;
				CLANG_WARN_SUSPICIOUS_MOVE = YES;
				CLANG_WARN_UNGUARDED_AVAILABILITY = YES_AGGRESSIVE;
				CLANG_WARN_UNREACHABLE_CODE = YES;
				CLANG_WARN__DUPLICATE_METHOD_MATCH = YES;
				COPY_PHASE_STRIP = NO;
				DEBUG_INFORMATION_FORMAT = dwarf;
				ENABLE_STRICT_OBJC_MSGSEND = YES;
				ENABLE_TESTABILITY = YES;
				ENABLE_USER_SCRIPT_SANDBOXING = YES;
				GCC_C_LANGUAGE_STANDARD = gnu17;
				GCC_DYNAMIC_NO_PIC = NO;
				GCC_NO_COMMON_BLOCKS = YES;
				GCC_OPTIMIZATION_LEVEL = 0;
				GCC_PREPROCESSOR_DEFINITIONS = (
					"DEBUG=1",
					"$(inherited)",
				);
				GCC_WARN_64_TO_32_BIT_CONVERSION = YES;
				GCC_WARN_ABOUT_RETURN_TYPE = YES_ERROR;
				GCC_WARN_UNDECLARED_SELECTOR = YES;
				GCC_WARN_UNINITIALIZED_AUTOS = YES_AGGRESSIVE;
				GCC_WARN_UNUSED_FUNCTION = YES;
				GCC_WARN_UNUSED_VARIABLE = YES;
				IPHONEOS_DEPLOYMENT_TARGET = 18.2;
				LOCALIZATION_PREFERS_STRING_CATALOGS = YES;
				MTL_ENABLE_DEBUG_INFO = INCLUDE_SOURCE;
				MTL_FAST_MATH = YES;
				ONLY_ACTIVE_ARCH = YES;
				SDKROOT = iphoneos;
				SWIFT_ACTIVE_COMPILATION_CONDITIONS = "DEBUG $(inherited)";
				SWIFT_OPTIMIZATION_LEVEL = "-Onone";
			};
			name = Debug;
		};
		5A3060F82D985D4F00E3E922 /* Release */ = {
			isa = XCBuildConfiguration;
			buildSettings = {
				ALWAYS_SEARCH_USER_PATHS = NO;
				ASSETCATALOG_COMPILER_GENERATE_SWIFT_ASSET_SYMBOL_EXTENSIONS = YES;
				CLANG_ANALYZER_NONNULL = YES;
				CLANG_ANALYZER_NUMBER_OBJECT_CONVERSION = YES_AGGRESSIVE;
				CLANG_CXX_LANGUAGE_STANDARD = "gnu++20";
				CLANG_ENABLE_MODULES = YES;
				CLANG_ENABLE_OBJC_ARC = YES;
				CLANG_ENABLE_OBJC_WEAK = YES;
				CLANG_WARN_BLOCK_CAPTURE_AUTORELEASING = YES;
				CLANG_WARN_BOOL_CONVERSION = YES;
				CLANG_WARN_COMMA = YES;
				CLANG_WARN_CONSTANT_CONVERSION = YES;
				CLANG_WARN_DEPRECATED_OBJC_IMPLEMENTATIONS = YES;
				CLANG_WARN_DIRECT_OBJC_ISA_USAGE = YES_ERROR;
				CLANG_WARN_DOCUMENTATION_COMMENTS = YES;
				CLANG_WARN_EMPTY_BODY = YES;
				CLANG_WARN_ENUM_CONVERSION = YES;
				CLANG_WARN_INFINITE_RECURSION = YES;
				CLANG_WARN_INT_CONVERSION = YES;
				CLANG_WARN_NON_LITERAL_NULL_CONVERSION = YES;
				CLANG_WARN_OBJC_IMPLICIT_RETAIN_SELF = YES;
				CLANG_WARN_OBJC_LITERAL_CONVERSION = YES;
				CLANG_WARN_OBJC_ROOT_CLASS = YES_ERROR;
				CLANG_WARN_QUOTED_INCLUDE_IN_FRAMEWORK_HEADER = YES;
				CLANG_WARN_RANGE_LOOP_ANALYSIS = YES;
				CLANG_WARN_STRICT_PROTOTYPES = YES;
				CLANG_WARN_SUSPICIOUS_MOVE = YES;
				CLANG_WARN_UNGUARDED_AVAILABILITY = YES_AGGRESSIVE;
				CLANG_WARN_UNREACHABLE_CODE = YES;
				CLANG_WARN__DUPLICATE_METHOD_MATCH = YES;
				COPY_PHASE_STRIP = NO;
				DEBUG_INFORMATION_FORMAT = "dwarf-with-dsym";
				ENABLE_NS_ASSERTIONS = NO;
				ENABLE_STRICT_OBJC_MSGSEND = YES;
				ENABLE_USER_SCRIPT_SANDBOXING = YES;
				GCC_C_LANGUAGE_STANDARD = gnu17;
				GCC_NO_COMMON_BLOCKS = YES;
				GCC_WARN_64_TO_32_BIT_CONVERSION = YES;
				GCC_WARN_ABOUT_RETURN_TYPE = YES_ERROR;
				GCC_WARN_UNDECLARED_SELECTOR = YES;
				GCC_WARN_UNINITIALIZED_AUTOS = YES_AGGRESSIVE;
				GCC_WARN_UNUSED_FUNCTION = YES;
				GCC_WARN_UNUSED_VARIABLE = YES;
				IPHONEOS_DEPLOYMENT_TARGET = 18.2;
				LOCALIZATION_PREFERS_STRING_CATALOGS = YES;
				MTL_ENABLE_DEBUG_INFO = NO;
				MTL_FAST_MATH = YES;
				SDKROOT = iphoneos;
				SWIFT_COMPILATION_MODE = wholemodule;
				VALIDATE_PRODUCT = YES;
			};
			name = Release;
		};
		5A3060FA2D985D4F00E3E922 /* Debug */ = {
			isa = XCBuildConfiguration;
			buildSettings = {
				ASSETCATALOG_COMPILER_APPICON_NAME = AppIcon;
				ASSETCATALOG_COMPILER_GLOBAL_ACCENT_COLOR_NAME = AccentColor;
				CODE_SIGN_STYLE = Automatic;
				CURRENT_PROJECT_VERSION = 1;
				DEVELOPMENT_ASSET_PATHS = "\"ListyWisty/Preview Content\"";
				DEVELOPMENT_TEAM = VDD46M99AF;
				ENABLE_PREVIEWS = YES;
				GENERATE_INFOPLIST_FILE = YES;
				INFOPLIST_KEY_UIApplicationSceneManifest_Generation = YES;
				INFOPLIST_KEY_UIApplicationSupportsIndirectInputEvents = YES;
				INFOPLIST_KEY_UILaunchScreen_Generation = YES;
				INFOPLIST_KEY_UISupportedInterfaceOrientations_iPad = "UIInterfaceOrientationPortrait UIInterfaceOrientationPortraitUpsideDown UIInterfaceOrientationLandscapeLeft UIInterfaceOrientationLandscapeRight";
				INFOPLIST_KEY_UISupportedInterfaceOrientations_iPhone = "UIInterfaceOrientationPortrait UIInterfaceOrientationLandscapeLeft UIInterfaceOrientationLandscapeRight";
				LD_RUNPATH_SEARCH_PATHS = (
					"$(inherited)",
					"@executable_path/Frameworks",
				);
				MARKETING_VERSION = 1.0;
				PRODUCT_BUNDLE_IDENTIFIER = com.rato.ListyWisty;
				PRODUCT_NAME = "$(TARGET_NAME)";
				SWIFT_EMIT_LOC_STRINGS = YES;
				SWIFT_VERSION = 5.0;
				TARGETED_DEVICE_FAMILY = "1,2";
			};
			name = Debug;
		};
		5A3060FB2D985D4F00E3E922 /* Release */ = {
			isa = XCBuildConfiguration;
			buildSettings = {
				ASSETCATALOG_COMPILER_APPICON_NAME = AppIcon;
				ASSETCATALOG_COMPILER_GLOBAL_ACCENT_COLOR_NAME = AccentColor;
				CODE_SIGN_STYLE = Automatic;
				CURRENT_PROJECT_VERSION = 1;
				DEVELOPMENT_ASSET_PATHS = "\"ListyWisty/Preview Content\"";
				DEVELOPMENT_TEAM = VDD46M99AF;
				ENABLE_PREVIEWS = YES;
				GENERATE_INFOPLIST_FILE = YES;
				INFOPLIST_KEY_UIApplicationSceneManifest_Generation = YES;
				INFOPLIST_KEY_UIApplicationSupportsIndirectInputEvents = YES;
				INFOPLIST_KEY_UILaunchScreen_Generation = YES;
				INFOPLIST_KEY_UISupportedInterfaceOrientations_iPad = "UIInterfaceOrientationPortrait UIInterfaceOrientationPortraitUpsideDown UIInterfaceOrientationLandscapeLeft UIInterfaceOrientationLandscapeRight";
				INFOPLIST_KEY_UISupportedInterfaceOrientations_iPhone = "UIInterfaceOrientationPortrait UIInterfaceOrientationLandscapeLeft UIInterfaceOrientationLandscapeRight";
				LD_RUNPATH_SEARCH_PATHS = (
					"$(inherited)",
					"@executable_path/Frameworks",
				);
				MARKETING_VERSION = 1.0;
				PRODUCT_BUNDLE_IDENTIFIER = com.rato.ListyWisty;
				PRODUCT_NAME = "$(TARGET_NAME)";
				SWIFT_EMIT_LOC_STRINGS = YES;
				SWIFT_VERSION = 5.0;
				TARGETED_DEVICE_FAMILY = "1,2";
			};
			name = Release;
		};
		5A3060FD2D985D4F00E3E922 /* Debug */ = {
			isa = XCBuildConfiguration;
			buildSettings = {
				BUNDLE_LOADER = "$(TEST_HOST)";
				CODE_SIGN_STYLE = Automatic;
				CURRENT_PROJECT_VERSION = 1;
				DEVELOPMENT_TEAM = VDD46M99AF;
				GENERATE_INFOPLIST_FILE = YES;
				IPHONEOS_DEPLOYMENT_TARGET = 18.2;
				MARKETING_VERSION = 1.0;
				PRODUCT_BUNDLE_IDENTIFIER = com.rato.ListyWistyTests;
				PRODUCT_NAME = "$(TARGET_NAME)";
				SWIFT_EMIT_LOC_STRINGS = NO;
				SWIFT_VERSION = 5.0;
				TARGETED_DEVICE_FAMILY = "1,2";
				TEST_HOST = "$(BUILT_PRODUCTS_DIR)/ListyWisty.app/$(BUNDLE_EXECUTABLE_FOLDER_PATH)/ListyWisty";
			};
			name = Debug;
		};
		5A3060FE2D985D4F00E3E922 /* Release */ = {
			isa = XCBuildConfiguration;
			buildSettings = {
				BUNDLE_LOADER = "$(TEST_HOST)";
				CODE_SIGN_STYLE = Automatic;
				CURRENT_PROJECT_VERSION = 1;
				DEVELOPMENT_TEAM = VDD46M99AF;
				GENERATE_INFOPLIST_FILE = YES;
				IPHONEOS_DEPLOYMENT_TARGET = 18.2;
				MARKETING_VERSION = 1.0;
				PRODUCT_BUNDLE_IDENTIFIER = com.rato.ListyWistyTests;
				PRODUCT_NAME = "$(TARGET_NAME)";
				SWIFT_EMIT_LOC_STRINGS = NO;
				SWIFT_VERSION = 5.0;
				TARGETED_DEVICE_FAMILY = "1,2";
				TEST_HOST = "$(BUILT_PRODUCTS_DIR)/ListyWisty.app/$(BUNDLE_EXECUTABLE_FOLDER_PATH)/ListyWisty";
			};
			name = Release;
		};
		5A3061002D985D4F00E3E922 /* Debug */ = {
			isa = XCBuildConfiguration;
			buildSettings = {
				CODE_SIGN_STYLE = Automatic;
				CURRENT_PROJECT_VERSION = 1;
				DEVELOPMENT_TEAM = VDD46M99AF;
				GENERATE_INFOPLIST_FILE = YES;
				MARKETING_VERSION = 1.0;
				PRODUCT_BUNDLE_IDENTIFIER = com.rato.ListyWistyUITests;
				PRODUCT_NAME = "$(TARGET_NAME)";
				SWIFT_EMIT_LOC_STRINGS = NO;
				SWIFT_VERSION = 5.0;
				TARGETED_DEVICE_FAMILY = "1,2";
				TEST_TARGET_NAME = ListyWisty;
			};
			name = Debug;
		};
		5A3061012D985D4F00E3E922 /* Release */ = {
			isa = XCBuildConfiguration;
			buildSettings = {
				CODE_SIGN_STYLE = Automatic;
				CURRENT_PROJECT_VERSION = 1;
				DEVELOPMENT_TEAM = VDD46M99AF;
				GENERATE_INFOPLIST_FILE = YES;
				MARKETING_VERSION = 1.0;
				PRODUCT_BUNDLE_IDENTIFIER = com.rato.ListyWistyUITests;
				PRODUCT_NAME = "$(TARGET_NAME)";
				SWIFT_EMIT_LOC_STRINGS = NO;
				SWIFT_VERSION = 5.0;
				TARGETED_DEVICE_FAMILY = "1,2";
				TEST_TARGET_NAME = ListyWisty;
			};
			name = Release;
		};
/* End XCBuildConfiguration section */

/* Begin XCConfigurationList section */
		5A3060D02D985D4E00E3E922 /* Build configuration list for PBXProject "ListyWisty" */ = {
			isa = XCConfigurationList;
			buildConfigurations = (
				5A3060F72D985D4F00E3E922 /* Debug */,
				5A3060F82D985D4F00E3E922 /* Release */,
			);
			defaultConfigurationIsVisible = 0;
			defaultConfigurationName = Release;
		};
		5A3060F92D985D4F00E3E922 /* Build configuration list for PBXNativeTarget "ListyWisty" */ = {
			isa = XCConfigurationList;
			buildConfigurations = (
				5A3060FA2D985D4F00E3E922 /* Debug */,
				5A3060FB2D985D4F00E3E922 /* Release */,
			);
			defaultConfigurationIsVisible = 0;
			defaultConfigurationName = Release;
		};
		5A3060FC2D985D4F00E3E922 /* Build configuration list for PBXNativeTarget "ListyWistyTests" */ = {
			isa = XCConfigurationList;
			buildConfigurations = (
				5A3060FD2D985D4F00E3E922 /* Debug */,
				5A3060FE2D985D4F00E3E922 /* Release */,
			);
			defaultConfigurationIsVisible = 0;
			defaultConfigurationName = Release;
		};
		5A3060FF2D985D4F00E3E922 /* Build configuration list for PBXNativeTarget "ListyWistyUITests" */ = {
			isa = XCConfigurationList;
			buildConfigurations = (
				5A3061002D985D4F00E3E922 /* Debug */,
				5A3061012D985D4F00E3E922 /* Release */,
			);
			defaultConfigurationIsVisible = 0;
			defaultConfigurationName = Release;
		};
/* End XCConfigurationList section */
	};
	rootObject = 5A3060CD2D985D4E00E3E922 /* Project object */;
}
